// !$*UTF8*$!
{
	archiveVersion = 1;
	classes = {
	};
	objectVersion = 55;
	objects = {

/* Begin PBXBuildFile section */
		93C92F9629D71E5F00E2D418 /* dictionary.txt in Resources */ = {isa = PBXBuildFile; fileRef = 93C92F9529D71E5F00E2D418 /* dictionary.txt */; };
		93CF806329D4812D006083CA /* helpViewController.swift in Sources */ = {isa = PBXBuildFile; fileRef = 93CF806229D4812D006083CA /* helpViewController.swift */; };
		93E3462929CC92C40075133A /* AppDelegate.swift in Sources */ = {isa = PBXBuildFile; fileRef = 93E3462829CC92C40075133A /* AppDelegate.swift */; };
		93E3462B29CC92C40075133A /* SceneDelegate.swift in Sources */ = {isa = PBXBuildFile; fileRef = 93E3462A29CC92C40075133A /* SceneDelegate.swift */; };
		93E3462D29CC92C40075133A /* WordleMainViewController.swift in Sources */ = {isa = PBXBuildFile; fileRef = 93E3462C29CC92C40075133A /* WordleMainViewController.swift */; };
		93E3463029CC92C40075133A /* Main.storyboard in Resources */ = {isa = PBXBuildFile; fileRef = 93E3462E29CC92C40075133A /* Main.storyboard */; };
		93E3463229CC92C70075133A /* Assets.xcassets in Resources */ = {isa = PBXBuildFile; fileRef = 93E3463129CC92C70075133A /* Assets.xcassets */; };
		93E3463529CC92C70075133A /* LaunchScreen.storyboard in Resources */ = {isa = PBXBuildFile; fileRef = 93E3463329CC92C70075133A /* LaunchScreen.storyboard */; };
		93E3464029CC92C80075133A /* WordleTests.swift in Sources */ = {isa = PBXBuildFile; fileRef = 93E3463F29CC92C80075133A /* WordleTests.swift */; };
		93E3464A29CC92C80075133A /* WordleUITests.swift in Sources */ = {isa = PBXBuildFile; fileRef = 93E3464929CC92C80075133A /* WordleUITests.swift */; };
		93E3464C29CC92C80075133A /* WordleUITestsLaunchTests.swift in Sources */ = {isa = PBXBuildFile; fileRef = 93E3464B29CC92C80075133A /* WordleUITestsLaunchTests.swift */; };
		93E3465929CC92EE0075133A /* Model.swift in Sources */ = {isa = PBXBuildFile; fileRef = 93E3465829CC92EE0075133A /* Model.swift */; };
/* End PBXBuildFile section */

/* Begin PBXContainerItemProxy section */
		93E3463C29CC92C80075133A /* PBXContainerItemProxy */ = {
			isa = PBXContainerItemProxy;
			containerPortal = 93E3461D29CC92C40075133A /* Project object */;
			proxyType = 1;
			remoteGlobalIDString = 93E3462429CC92C40075133A;
			remoteInfo = Wordle;
		};
		93E3464629CC92C80075133A /* PBXContainerItemProxy */ = {
			isa = PBXContainerItemProxy;
			containerPortal = 93E3461D29CC92C40075133A /* Project object */;
			proxyType = 1;
			remoteGlobalIDString = 93E3462429CC92C40075133A;
			remoteInfo = Wordle;
		};
/* End PBXContainerItemProxy section */

/* Begin PBXFileReference section */
		93C92F9529D71E5F00E2D418 /* dictionary.txt */ = {isa = PBXFileReference; fileEncoding = 4; lastKnownFileType = text; name = dictionary.txt; path = "../../../../Downloads/Wordle files/dictionary.txt"; sourceTree = "<group>"; };
		93CF806229D4812D006083CA /* helpViewController.swift */ = {isa = PBXFileReference; lastKnownFileType = sourcecode.swift; path = helpViewController.swift; sourceTree = "<group>"; };
		93E3462529CC92C40075133A /* Wordle.app */ = {isa = PBXFileReference; explicitFileType = wrapper.application; includeInIndex = 0; path = Wordle.app; sourceTree = BUILT_PRODUCTS_DIR; };
		93E3462829CC92C40075133A /* AppDelegate.swift */ = {isa = PBXFileReference; lastKnownFileType = sourcecode.swift; path = AppDelegate.swift; sourceTree = "<group>"; };
		93E3462A29CC92C40075133A /* SceneDelegate.swift */ = {isa = PBXFileReference; lastKnownFileType = sourcecode.swift; path = SceneDelegate.swift; sourceTree = "<group>"; };
		93E3462C29CC92C40075133A /* WordleMainViewController.swift */ = {isa = PBXFileReference; lastKnownFileType = sourcecode.swift; path = WordleMainViewController.swift; sourceTree = "<group>"; };
		93E3462F29CC92C40075133A /* Base */ = {isa = PBXFileReference; lastKnownFileType = file.storyboard; name = Base; path = Base.lproj/Main.storyboard; sourceTree = "<group>"; };
		93E3463129CC92C70075133A /* Assets.xcassets */ = {isa = PBXFileReference; lastKnownFileType = folder.assetcatalog; path = Assets.xcassets; sourceTree = "<group>"; };
		93E3463429CC92C70075133A /* Base */ = {isa = PBXFileReference; lastKnownFileType = file.storyboard; name = Base; path = Base.lproj/LaunchScreen.storyboard; sourceTree = "<group>"; };
		93E3463629CC92C70075133A /* Info.plist */ = {isa = PBXFileReference; lastKnownFileType = text.plist.xml; path = Info.plist; sourceTree = "<group>"; };
		93E3463B29CC92C80075133A /* WordleTests.xctest */ = {isa = PBXFileReference; explicitFileType = wrapper.cfbundle; includeInIndex = 0; path = WordleTests.xctest; sourceTree = BUILT_PRODUCTS_DIR; };
		93E3463F29CC92C80075133A /* WordleTests.swift */ = {isa = PBXFileReference; lastKnownFileType = sourcecode.swift; path = WordleTests.swift; sourceTree = "<group>"; };
		93E3464529CC92C80075133A /* WordleUITests.xctest */ = {isa = PBXFileReference; explicitFileType = wrapper.cfbundle; includeInIndex = 0; path = WordleUITests.xctest; sourceTree = BUILT_PRODUCTS_DIR; };
		93E3464929CC92C80075133A /* WordleUITests.swift */ = {isa = PBXFileReference; lastKnownFileType = sourcecode.swift; path = WordleUITests.swift; sourceTree = "<group>"; };
		93E3464B29CC92C80075133A /* WordleUITestsLaunchTests.swift */ = {isa = PBXFileReference; lastKnownFileType = sourcecode.swift; path = WordleUITestsLaunchTests.swift; sourceTree = "<group>"; };
		93E3465829CC92EE0075133A /* Model.swift */ = {isa = PBXFileReference; lastKnownFileType = sourcecode.swift; path = Model.swift; sourceTree = "<group>"; };
/* End PBXFileReference section */

/* Begin PBXFrameworksBuildPhase section */
		93E3462229CC92C40075133A /* Frameworks */ = {
			isa = PBXFrameworksBuildPhase;
			buildActionMask = 2147483647;
			files = (
			);
			runOnlyForDeploymentPostprocessing = 0;
		};
		93E3463829CC92C80075133A /* Frameworks */ = {
			isa = PBXFrameworksBuildPhase;
			buildActionMask = 2147483647;
			files = (
			);
			runOnlyForDeploymentPostprocessing = 0;
		};
		93E3464229CC92C80075133A /* Frameworks */ = {
			isa = PBXFrameworksBuildPhase;
			buildActionMask = 2147483647;
			files = (
			);
			runOnlyForDeploymentPostprocessing = 0;
		};
/* End PBXFrameworksBuildPhase section */

/* Begin PBXGroup section */
		93E3461C29CC92C40075133A = {
			isa = PBXGroup;
			children = (
				93E3462729CC92C40075133A /* Wordle */,
				93E3463E29CC92C80075133A /* WordleTests */,
				93E3464829CC92C80075133A /* WordleUITests */,
				93E3462629CC92C40075133A /* Products */,
			);
			sourceTree = "<group>";
		};
		93E3462629CC92C40075133A /* Products */ = {
			isa = PBXGroup;
			children = (
				93E3462529CC92C40075133A /* Wordle.app */,
				93E3463B29CC92C80075133A /* WordleTests.xctest */,
				93E3464529CC92C80075133A /* WordleUITests.xctest */,
			);
			name = Products;
			sourceTree = "<group>";
		};
		93E3462729CC92C40075133A /* Wordle */ = {
			isa = PBXGroup;
			children = (
				93E3465829CC92EE0075133A /* Model.swift */,
				93E3462829CC92C40075133A /* AppDelegate.swift */,
				93E3462A29CC92C40075133A /* SceneDelegate.swift */,
				93E3462C29CC92C40075133A /* WordleMainViewController.swift */,
				93E3462E29CC92C40075133A /* Main.storyboard */,
				93CF806229D4812D006083CA /* helpViewController.swift */,
				93E3463129CC92C70075133A /* Assets.xcassets */,
				93E3463329CC92C70075133A /* LaunchScreen.storyboard */,
				93C92F9529D71E5F00E2D418 /* dictionary.txt */,
				93E3463629CC92C70075133A /* Info.plist */,
			);
			path = Wordle;
			sourceTree = "<group>";
		};
		93E3463E29CC92C80075133A /* WordleTests */ = {
			isa = PBXGroup;
			children = (
				93E3463F29CC92C80075133A /* WordleTests.swift */,
			);
			path = WordleTests;
			sourceTree = "<group>";
		};
		93E3464829CC92C80075133A /* WordleUITests */ = {
			isa = PBXGroup;
			children = (
				93E3464929CC92C80075133A /* WordleUITests.swift */,
				93E3464B29CC92C80075133A /* WordleUITestsLaunchTests.swift */,
			);
			path = WordleUITests;
			sourceTree = "<group>";
		};
/* End PBXGroup section */

/* Begin PBXNativeTarget section */
		93E3462429CC92C40075133A /* Wordle */ = {
			isa = PBXNativeTarget;
			buildConfigurationList = 93E3464F29CC92C80075133A /* Build configuration list for PBXNativeTarget "Wordle" */;
			buildPhases = (
				93E3462129CC92C40075133A /* Sources */,
				93E3462229CC92C40075133A /* Frameworks */,
				93E3462329CC92C40075133A /* Resources */,
			);
			buildRules = (
			);
			dependencies = (
			);
			name = Wordle;
			productName = Wordle;
			productReference = 93E3462529CC92C40075133A /* Wordle.app */;
			productType = "com.apple.product-type.application";
		};
		93E3463A29CC92C80075133A /* WordleTests */ = {
			isa = PBXNativeTarget;
			buildConfigurationList = 93E3465229CC92C80075133A /* Build configuration list for PBXNativeTarget "WordleTests" */;
			buildPhases = (
				93E3463729CC92C80075133A /* Sources */,
				93E3463829CC92C80075133A /* Frameworks */,
				93E3463929CC92C80075133A /* Resources */,
			);
			buildRules = (
			);
			dependencies = (
				93E3463D29CC92C80075133A /* PBXTargetDependency */,
			);
			name = WordleTests;
			productName = WordleTests;
			productReference = 93E3463B29CC92C80075133A /* WordleTests.xctest */;
			productType = "com.apple.product-type.bundle.unit-test";
		};
		93E3464429CC92C80075133A /* WordleUITests */ = {
			isa = PBXNativeTarget;
			buildConfigurationList = 93E3465529CC92C80075133A /* Build configuration list for PBXNativeTarget "WordleUITests" */;
			buildPhases = (
				93E3464129CC92C80075133A /* Sources */,
				93E3464229CC92C80075133A /* Frameworks */,
				93E3464329CC92C80075133A /* Resources */,
			);
			buildRules = (
			);
			dependencies = (
				93E3464729CC92C80075133A /* PBXTargetDependency */,
			);
			name = WordleUITests;
			productName = WordleUITests;
			productReference = 93E3464529CC92C80075133A /* WordleUITests.xctest */;
			productType = "com.apple.product-type.bundle.ui-testing";
		};
/* End PBXNativeTarget section */

/* Begin PBXProject section */
		93E3461D29CC92C40075133A /* Project object */ = {
			isa = PBXProject;
			attributes = {
				BuildIndependentTargetsInParallel = 1;
				LastSwiftUpdateCheck = 1330;
				LastUpgradeCheck = 1330;
				TargetAttributes = {
					93E3462429CC92C40075133A = {
						CreatedOnToolsVersion = 13.3.1;
					};
					93E3463A29CC92C80075133A = {
						CreatedOnToolsVersion = 13.3.1;
						TestTargetID = 93E3462429CC92C40075133A;
					};
					93E3464429CC92C80075133A = {
						CreatedOnToolsVersion = 13.3.1;
						TestTargetID = 93E3462429CC92C40075133A;
					};
				};
			};
			buildConfigurationList = 93E3462029CC92C40075133A /* Build configuration list for PBXProject "Wordle" */;
			compatibilityVersion = "Xcode 13.0";
			developmentRegion = en;
			hasScannedForEncodings = 0;
			knownRegions = (
				en,
				Base,
			);
			mainGroup = 93E3461C29CC92C40075133A;
			productRefGroup = 93E3462629CC92C40075133A /* Products */;
			projectDirPath = "";
			projectRoot = "";
			targets = (
				93E3462429CC92C40075133A /* Wordle */,
				93E3463A29CC92C80075133A /* WordleTests */,
				93E3464429CC92C80075133A /* WordleUITests */,
			);
		};
/* End PBXProject section */

/* Begin PBXResourcesBuildPhase section */
		93E3462329CC92C40075133A /* Resources */ = {
			isa = PBXResourcesBuildPhase;
			buildActionMask = 2147483647;
			files = (
				93E3463529CC92C70075133A /* LaunchScreen.storyboard in Resources */,
				93E3463229CC92C70075133A /* Assets.xcassets in Resources */,
				93C92F9629D71E5F00E2D418 /* dictionary.txt in Resources */,
				93E3463029CC92C40075133A /* Main.storyboard in Resources */,
			);
			runOnlyForDeploymentPostprocessing = 0;
		};
		93E3463929CC92C80075133A /* Resources */ = {
			isa = PBXResourcesBuildPhase;
			buildActionMask = 2147483647;
			files = (
			);
			runOnlyForDeploymentPostprocessing = 0;
		};
		93E3464329CC92C80075133A /* Resources */ = {
			isa = PBXResourcesBuildPhase;
			buildActionMask = 2147483647;
			files = (
			);
			runOnlyForDeploymentPostprocessing = 0;
		};
/* End PBXResourcesBuildPhase section */

/* Begin PBXSourcesBuildPhase section */
		93E3462129CC92C40075133A /* Sources */ = {
			isa = PBXSourcesBuildPhase;
			buildActionMask = 2147483647;
			files = (
				93E3462D29CC92C40075133A /* WordleMainViewController.swift in Sources */,
				93E3462929CC92C40075133A /* AppDelegate.swift in Sources */,
				93CF806329D4812D006083CA /* helpViewController.swift in Sources */,
				93E3462B29CC92C40075133A /* SceneDelegate.swift in Sources */,
				93E3465929CC92EE0075133A /* Model.swift in Sources */,
			);
			runOnlyForDeploymentPostprocessing = 0;
		};
		93E3463729CC92C80075133A /* Sources */ = {
			isa = PBXSourcesBuildPhase;
			buildActionMask = 2147483647;
			files = (
				93E3464029CC92C80075133A /* WordleTests.swift in Sources */,
			);
			runOnlyForDeploymentPostprocessing = 0;
		};
		93E3464129CC92C80075133A /* Sources */ = {
			isa = PBXSourcesBuildPhase;
			buildActionMask = 2147483647;
			files = (
				93E3464A29CC92C80075133A /* WordleUITests.swift in Sources */,
				93E3464C29CC92C80075133A /* WordleUITestsLaunchTests.swift in Sources */,
			);
			runOnlyForDeploymentPostprocessing = 0;
		};
/* End PBXSourcesBuildPhase section */

/* Begin PBXTargetDependency section */
		93E3463D29CC92C80075133A /* PBXTargetDependency */ = {
			isa = PBXTargetDependency;
			target = 93E3462429CC92C40075133A /* Wordle */;
			targetProxy = 93E3463C29CC92C80075133A /* PBXContainerItemProxy */;
		};
		93E3464729CC92C80075133A /* PBXTargetDependency */ = {
			isa = PBXTargetDependency;
			target = 93E3462429CC92C40075133A /* Wordle */;
			targetProxy = 93E3464629CC92C80075133A /* PBXContainerItemProxy */;
		};
/* End PBXTargetDependency section */

/* Begin PBXVariantGroup section */
		93E3462E29CC92C40075133A /* Main.storyboard */ = {
			isa = PBXVariantGroup;
			children = (
				93E3462F29CC92C40075133A /* Base */,
			);
			name = Main.storyboard;
			sourceTree = "<group>";
		};
		93E3463329CC92C70075133A /* LaunchScreen.storyboard */ = {
			isa = PBXVariantGroup;
			children = (
				93E3463429CC92C70075133A /* Base */,
			);
			name = LaunchScreen.storyboard;
			sourceTree = "<group>";
		};
/* End PBXVariantGroup section */

/* Begin XCBuildConfiguration section */
		93E3464D29CC92C80075133A /* Debug */ = {
			isa = XCBuildConfiguration;
			buildSettings = {
				ALWAYS_SEARCH_USER_PATHS = NO;
				CLANG_ANALYZER_NONNULL = YES;
				CLANG_ANALYZER_NUMBER_OBJECT_CONVERSION = YES_AGGRESSIVE;
				CLANG_CXX_LANGUAGE_STANDARD = "gnu++17";
				CLANG_ENABLE_MODULES = YES;
				CLANG_ENABLE_OBJC_ARC = YES;
				CLANG_ENABLE_OBJC_WEAK = YES;
				CLANG_WARN_BLOCK_CAPTURE_AUTORELEASING = YES;
				CLANG_WARN_BOOL_CONVERSION = YES;
				CLANG_WARN_COMMA = YES;
				CLANG_WARN_CONSTANT_CONVERSION = YES;
				CLANG_WARN_DEPRECATED_OBJC_IMPLEMENTATIONS = YES;
				CLANG_WARN_DIRECT_OBJC_ISA_USAGE = YES_ERROR;
				CLANG_WARN_DOCUMENTATION_COMMENTS = YES;
				CLANG_WARN_EMPTY_BODY = YES;
				CLANG_WARN_ENUM_CONVERSION = YES;
				CLANG_WARN_INFINITE_RECURSION = YES;
				CLANG_WARN_INT_CONVERSION = YES;
				CLANG_WARN_NON_LITERAL_NULL_CONVERSION = YES;
				CLANG_WARN_OBJC_IMPLICIT_RETAIN_SELF = YES;
				CLANG_WARN_OBJC_LITERAL_CONVERSION = YES;
				CLANG_WARN_OBJC_ROOT_CLASS = YES_ERROR;
				CLANG_WARN_QUOTED_INCLUDE_IN_FRAMEWORK_HEADER = YES;
				CLANG_WARN_RANGE_LOOP_ANALYSIS = YES;
				CLANG_WARN_STRICT_PROTOTYPES = YES;
				CLANG_WARN_SUSPICIOUS_MOVE = YES;
				CLANG_WARN_UNGUARDED_AVAILABILITY = YES_AGGRESSIVE;
				CLANG_WARN_UNREACHABLE_CODE = YES;
				CLANG_WARN__DUPLICATE_METHOD_MATCH = YES;
				COPY_PHASE_STRIP = NO;
				DEBUG_INFORMATION_FORMAT = dwarf;
				ENABLE_STRICT_OBJC_MSGSEND = YES;
				ENABLE_TESTABILITY = YES;
				GCC_C_LANGUAGE_STANDARD = gnu11;
				GCC_DYNAMIC_NO_PIC = NO;
				GCC_NO_COMMON_BLOCKS = YES;
				GCC_OPTIMIZATION_LEVEL = 0;
				GCC_PREPROCESSOR_DEFINITIONS = (
					"DEBUG=1",
					"$(inherited)",
				);
				GCC_WARN_64_TO_32_BIT_CONVERSION = YES;
				GCC_WARN_ABOUT_RETURN_TYPE = YES_ERROR;
				GCC_WARN_UNDECLARED_SELECTOR = YES;
				GCC_WARN_UNINITIALIZED_AUTOS = YES_AGGRESSIVE;
				GCC_WARN_UNUSED_FUNCTION = YES;
				GCC_WARN_UNUSED_VARIABLE = YES;
				IPHONEOS_DEPLOYMENT_TARGET = 15.4;
				MTL_ENABLE_DEBUG_INFO = INCLUDE_SOURCE;
				MTL_FAST_MATH = YES;
				ONLY_ACTIVE_ARCH = YES;
				SDKROOT = iphoneos;
				SWIFT_ACTIVE_COMPILATION_CONDITIONS = DEBUG;
				SWIFT_OPTIMIZATION_LEVEL = "-Onone";
			};
			name = Debug;
		};
		93E3464E29CC92C80075133A /* Release */ = {
			isa = XCBuildConfiguration;
			buildSettings = {
				ALWAYS_SEARCH_USER_PATHS = NO;
				CLANG_ANALYZER_NONNULL = YES;
				CLANG_ANALYZER_NUMBER_OBJECT_CONVERSION = YES_AGGRESSIVE;
				CLANG_CXX_LANGUAGE_STANDARD = "gnu++17";
				CLANG_ENABLE_MODULES = YES;
				CLANG_ENABLE_OBJC_ARC = YES;
				CLANG_ENABLE_OBJC_WEAK = YES;
				CLANG_WARN_BLOCK_CAPTURE_AUTORELEASING = YES;
				CLANG_WARN_BOOL_CONVERSION = YES;
				CLANG_WARN_COMMA = YES;
				CLANG_WARN_CONSTANT_CONVERSION = YES;
				CLANG_WARN_DEPRECATED_OBJC_IMPLEMENTATIONS = YES;
				CLANG_WARN_DIRECT_OBJC_ISA_USAGE = YES_ERROR;
				CLANG_WARN_DOCUMENTATION_COMMENTS = YES;
				CLANG_WARN_EMPTY_BODY = YES;
				CLANG_WARN_ENUM_CONVERSION = YES;
				CLANG_WARN_INFINITE_RECURSION = YES;
				CLANG_WARN_INT_CONVERSION = YES;
				CLANG_WARN_NON_LITERAL_NULL_CONVERSION = YES;
				CLANG_WARN_OBJC_IMPLICIT_RETAIN_SELF = YES;
				CLANG_WARN_OBJC_LITERAL_CONVERSION = YES;
				CLANG_WARN_OBJC_ROOT_CLASS = YES_ERROR;
				CLANG_WARN_QUOTED_INCLUDE_IN_FRAMEWORK_HEADER = YES;
				CLANG_WARN_RANGE_LOOP_ANALYSIS = YES;
				CLANG_WARN_STRICT_PROTOTYPES = YES;
				CLANG_WARN_SUSPICIOUS_MOVE = YES;
				CLANG_WARN_UNGUARDED_AVAILABILITY = YES_AGGRESSIVE;
				CLANG_WARN_UNREACHABLE_CODE = YES;
				CLANG_WARN__DUPLICATE_METHOD_MATCH = YES;
				COPY_PHASE_STRIP = NO;
				DEBUG_INFORMATION_FORMAT = "dwarf-with-dsym";
				ENABLE_NS_ASSERTIONS = NO;
				ENABLE_STRICT_OBJC_MSGSEND = YES;
				GCC_C_LANGUAGE_STANDARD = gnu11;
				GCC_NO_COMMON_BLOCKS = YES;
				GCC_WARN_64_TO_32_BIT_CONVERSION = YES;
				GCC_WARN_ABOUT_RETURN_TYPE = YES_ERROR;
				GCC_WARN_UNDECLARED_SELECTOR = YES;
				GCC_WARN_UNINITIALIZED_AUTOS = YES_AGGRESSIVE;
				GCC_WARN_UNUSED_FUNCTION = YES;
				GCC_WARN_UNUSED_VARIABLE = YES;
				IPHONEOS_DEPLOYMENT_TARGET = 15.4;
				MTL_ENABLE_DEBUG_INFO = NO;
				MTL_FAST_MATH = YES;
				SDKROOT = iphoneos;
				SWIFT_COMPILATION_MODE = wholemodule;
				SWIFT_OPTIMIZATION_LEVEL = "-O";
				VALIDATE_PRODUCT = YES;
			};
			name = Release;
		};
		93E3465029CC92C80075133A /* Debug */ = {
			isa = XCBuildConfiguration;
			buildSettings = {
				ASSETCATALOG_COMPILER_APPICON_NAME = AppIcon;
				ASSETCATALOG_COMPILER_GLOBAL_ACCENT_COLOR_NAME = AccentColor;
				CODE_SIGN_STYLE = Automatic;
				CURRENT_PROJECT_VERSION = 1;
				GENERATE_INFOPLIST_FILE = YES;
				INFOPLIST_FILE = Wordle/Info.plist;
				INFOPLIST_KEY_UIApplicationSupportsIndirectInputEvents = YES;
				INFOPLIST_KEY_UILaunchStoryboardName = LaunchScreen;
				INFOPLIST_KEY_UIMainStoryboardFile = Main;
				INFOPLIST_KEY_UISupportedInterfaceOrientations_iPad = "UIInterfaceOrientationPortrait UIInterfaceOrientationPortraitUpsideDown UIInterfaceOrientationLandscapeLeft UIInterfaceOrientationLandscapeRight";
				INFOPLIST_KEY_UISupportedInterfaceOrientations_iPhone = "UIInterfaceOrientationPortrait UIInterfaceOrientationLandscapeLeft UIInterfaceOrientationLandscapeRight";
				LD_RUNPATH_SEARCH_PATHS = (
					"$(inherited)",
					"@executable_path/Frameworks",
				);
				MARKETING_VERSION = 1.0;
				PRODUCT_BUNDLE_IDENTIFIER = x.Wordle;
				PRODUCT_NAME = "$(TARGET_NAME)";
				SWIFT_EMIT_LOC_STRINGS = YES;
				SWIFT_VERSION = 5.0;
				TARGETED_DEVICE_FAMILY = "1,2";
			};
			name = Debug;
		};
		93E3465129CC92C80075133A /* Release */ = {
			isa = XCBuildConfiguration;
			buildSettings = {
				ASSETCATALOG_COMPILER_APPICON_NAME = AppIcon;
				ASSETCATALOG_COMPILER_GLOBAL_ACCENT_COLOR_NAME = AccentColor;
				CODE_SIGN_STYLE = Automatic;
				CURRENT_PROJECT_VERSION = 1;
				GENERATE_INFOPLIST_FILE = YES;
				INFOPLIST_FILE = Wordle/Info.plist;
				INFOPLIST_KEY_UIApplicationSupportsIndirectInputEvents = YES;
				INFOPLIST_KEY_UILaunchStoryboardName = LaunchScreen;
				INFOPLIST_KEY_UIMainStoryboardFile = Main;
				INFOPLIST_KEY_UISupportedInterfaceOrientations_iPad = "UIInterfaceOrientationPortrait UIInterfaceOrientationPortraitUpsideDown UIInterfaceOrientationLandscapeLeft UIInterfaceOrientationLandscapeRight";
				INFOPLIST_KEY_UISupportedInterfaceOrientations_iPhone = "UIInterfaceOrientationPortrait UIInterfaceOrientationLandscapeLeft UIInterfaceOrientationLandscapeRight";
				LD_RUNPATH_SEARCH_PATHS = (
					"$(inherited)",
					"@executable_path/Frameworks",
				);
				MARKETING_VERSION = 1.0;
				PRODUCT_BUNDLE_IDENTIFIER = x.Wordle;
				PRODUCT_NAME = "$(TARGET_NAME)";
				SWIFT_EMIT_LOC_STRINGS = YES;
				SWIFT_VERSION = 5.0;
				TARGETED_DEVICE_FAMILY = "1,2";
			};
			name = Release;
		};
		93E3465329CC92C80075133A /* Debug */ = {
			isa = XCBuildConfiguration;
			buildSettings = {
				ALWAYS_EMBED_SWIFT_STANDARD_LIBRARIES = YES;
				BUNDLE_LOADER = "$(TEST_HOST)";
				CODE_SIGN_STYLE = Automatic;
				CURRENT_PROJECT_VERSION = 1;
				GENERATE_INFOPLIST_FILE = YES;
				IPHONEOS_DEPLOYMENT_TARGET = 15.4;
				MARKETING_VERSION = 1.0;
				PRODUCT_BUNDLE_IDENTIFIER = x.WordleTests;
				PRODUCT_NAME = "$(TARGET_NAME)";
				SWIFT_EMIT_LOC_STRINGS = NO;
				SWIFT_VERSION = 5.0;
				TARGETED_DEVICE_FAMILY = "1,2";
				TEST_HOST = "$(BUILT_PRODUCTS_DIR)/Wordle.app/Wordle";
			};
			name = Debug;
		};
		93E3465429CC92C80075133A /* Release */ = {
			isa = XCBuildConfiguration;
			buildSettings = {
				ALWAYS_EMBED_SWIFT_STANDARD_LIBRARIES = YES;
				BUNDLE_LOADER = "$(TEST_HOST)";
				CODE_SIGN_STYLE = Automatic;
				CURRENT_PROJECT_VERSION = 1;
				GENERATE_INFOPLIST_FILE = YES;
				IPHONEOS_DEPLOYMENT_TARGET = 15.4;
				MARKETING_VERSION = 1.0;
				PRODUCT_BUNDLE_IDENTIFIER = x.WordleTests;
				PRODUCT_NAME = "$(TARGET_NAME)";
				SWIFT_EMIT_LOC_STRINGS = NO;
				SWIFT_VERSION = 5.0;
				TARGETED_DEVICE_FAMILY = "1,2";
				TEST_HOST = "$(BUILT_PRODUCTS_DIR)/Wordle.app/Wordle";
			};
			name = Release;
		};
		93E3465629CC92C80075133A /* Debug */ = {
			isa = XCBuildConfiguration;
			buildSettings = {
				ALWAYS_EMBED_SWIFT_STANDARD_LIBRARIES = YES;
				CODE_SIGN_STYLE = Automatic;
				CURRENT_PROJECT_VERSION = 1;
				GENERATE_INFOPLIST_FILE = YES;
				MARKETING_VERSION = 1.0;
				PRODUCT_BUNDLE_IDENTIFIER = x.WordleUITests;
				PRODUCT_NAME = "$(TARGET_NAME)";
				SWIFT_EMIT_LOC_STRINGS = NO;
				SWIFT_VERSION = 5.0;
				TARGETED_DEVICE_FAMILY = "1,2";
				TEST_TARGET_NAME = Wordle;
			};
			name = Debug;
		};
		93E3465729CC92C80075133A /* Release */ = {
			isa = XCBuildConfiguration;
			buildSettings = {
				ALWAYS_EMBED_SWIFT_STANDARD_LIBRARIES = YES;
				CODE_SIGN_STYLE = Automatic;
				CURRENT_PROJECT_VERSION = 1;
				GENERATE_INFOPLIST_FILE = YES;
				MARKETING_VERSION = 1.0;
				PRODUCT_BUNDLE_IDENTIFIER = x.WordleUITests;
				PRODUCT_NAME = "$(TARGET_NAME)";
				SWIFT_EMIT_LOC_STRINGS = NO;
				SWIFT_VERSION = 5.0;
				TARGETED_DEVICE_FAMILY = "1,2";
				TEST_TARGET_NAME = Wordle;
			};
			name = Release;
		};
/* End XCBuildConfiguration section */

/* Begin XCConfigurationList section */
		93E3462029CC92C40075133A /* Build configuration list for PBXProject "Wordle" */ = {
			isa = XCConfigurationList;
			buildConfigurations = (
				93E3464D29CC92C80075133A /* Debug */,
				93E3464E29CC92C80075133A /* Release */,
			);
			defaultConfigurationIsVisible = 0;
			defaultConfigurationName = Release;
		};
		93E3464F29CC92C80075133A /* Build configuration list for PBXNativeTarget "Wordle" */ = {
			isa = XCConfigurationList;
			buildConfigurations = (
				93E3465029CC92C80075133A /* Debug */,
				93E3465129CC92C80075133A /* Release */,
			);
			defaultConfigurationIsVisible = 0;
			defaultConfigurationName = Release;
		};
		93E3465229CC92C80075133A /* Build configuration list for PBXNativeTarget "WordleTests" */ = {
			isa = XCConfigurationList;
			buildConfigurations = (
				93E3465329CC92C80075133A /* Debug */,
				93E3465429CC92C80075133A /* Release */,
			);
			defaultConfigurationIsVisible = 0;
			defaultConfigurationName = Release;
		};
		93E3465529CC92C80075133A /* Build configuration list for PBXNativeTarget "WordleUITests" */ = {
			isa = XCConfigurationList;
			buildConfigurations = (
				93E3465629CC92C80075133A /* Debug */,
				93E3465729CC92C80075133A /* Release */,
			);
			defaultConfigurationIsVisible = 0;
			defaultConfigurationName = Release;
		};
/* End XCConfigurationList section */
	};
	rootObject = 93E3461D29CC92C40075133A /* Project object */;
}
