// !$*UTF8*$!
{
	archiveVersion = 1;
	classes = {
	};
	objectVersion = 55;
	objects = {

/* Begin PBXBuildFile section */
		93E8662C2970627E00A0D6E1 /* AppDelegate.swift in Sources */ = {isa = PBXBuildFile; fileRef = 93E8662B2970627E00A0D6E1 /* AppDelegate.swift */; };
		93E8662E2970627E00A0D6E1 /* SceneDelegate.swift in Sources */ = {isa = PBXBuildFile; fileRef = 93E8662D2970627E00A0D6E1 /* SceneDelegate.swift */; };
		93E866302970627E00A0D6E1 /* ViewController.swift in Sources */ = {isa = PBXBuildFile; fileRef = 93E8662F2970627E00A0D6E1 /* ViewController.swift */; };
		93E866332970627E00A0D6E1 /* Main.storyboard in Resources */ = {isa = PBXBuildFile; fileRef = 93E866312970627E00A0D6E1 /* Main.storyboard */; };
		93E866352970628000A0D6E1 /* Assets.xcassets in Resources */ = {isa = PBXBuildFile; fileRef = 93E866342970628000A0D6E1 /* Assets.xcassets */; };
		93E866382970628000A0D6E1 /* LaunchScreen.storyboard in Resources */ = {isa = PBXBuildFile; fileRef = 93E866362970628000A0D6E1 /* LaunchScreen.storyboard */; };
		93E866432970628000A0D6E1 /* voluntrackerTests.swift in Sources */ = {isa = PBXBuildFile; fileRef = 93E866422970628000A0D6E1 /* voluntrackerTests.swift */; };
		93E8664D2970628000A0D6E1 /* voluntrackerUITests.swift in Sources */ = {isa = PBXBuildFile; fileRef = 93E8664C2970628000A0D6E1 /* voluntrackerUITests.swift */; };
		93E8664F2970628000A0D6E1 /* voluntrackerUITestsLaunchTests.swift in Sources */ = {isa = PBXBuildFile; fileRef = 93E8664E2970628000A0D6E1 /* voluntrackerUITestsLaunchTests.swift */; };
/* End PBXBuildFile section */

/* Begin PBXContainerItemProxy section */
		93E8663F2970628000A0D6E1 /* PBXContainerItemProxy */ = {
			isa = PBXContainerItemProxy;
			containerPortal = 93E866202970627E00A0D6E1 /* Project object */;
			proxyType = 1;
			remoteGlobalIDString = 93E866272970627E00A0D6E1;
			remoteInfo = voluntracker;
		};
		93E866492970628000A0D6E1 /* PBXContainerItemProxy */ = {
			isa = PBXContainerItemProxy;
			containerPortal = 93E866202970627E00A0D6E1 /* Project object */;
			proxyType = 1;
			remoteGlobalIDString = 93E866272970627E00A0D6E1;
			remoteInfo = voluntracker;
		};
/* End PBXContainerItemProxy section */

/* Begin PBXFileReference section */
		93E866282970627E00A0D6E1 /* voluntracker.app */ = {isa = PBXFileReference; explicitFileType = wrapper.application; includeInIndex = 0; path = voluntracker.app; sourceTree = BUILT_PRODUCTS_DIR; };
		93E8662B2970627E00A0D6E1 /* AppDelegate.swift */ = {isa = PBXFileReference; lastKnownFileType = sourcecode.swift; path = AppDelegate.swift; sourceTree = "<group>"; };
		93E8662D2970627E00A0D6E1 /* SceneDelegate.swift */ = {isa = PBXFileReference; lastKnownFileType = sourcecode.swift; path = SceneDelegate.swift; sourceTree = "<group>"; };
		93E8662F2970627E00A0D6E1 /* ViewController.swift */ = {isa = PBXFileReference; lastKnownFileType = sourcecode.swift; path = ViewController.swift; sourceTree = "<group>"; };
		93E866322970627E00A0D6E1 /* Base */ = {isa = PBXFileReference; lastKnownFileType = file.storyboard; name = Base; path = Base.lproj/Main.storyboard; sourceTree = "<group>"; };
		93E866342970628000A0D6E1 /* Assets.xcassets */ = {isa = PBXFileReference; lastKnownFileType = folder.assetcatalog; path = Assets.xcassets; sourceTree = "<group>"; };
		93E866372970628000A0D6E1 /* Base */ = {isa = PBXFileReference; lastKnownFileType = file.storyboard; name = Base; path = Base.lproj/LaunchScreen.storyboard; sourceTree = "<group>"; };
		93E866392970628000A0D6E1 /* Info.plist */ = {isa = PBXFileReference; lastKnownFileType = text.plist.xml; path = Info.plist; sourceTree = "<group>"; };
		93E8663E2970628000A0D6E1 /* voluntrackerTests.xctest */ = {isa = PBXFileReference; explicitFileType = wrapper.cfbundle; includeInIndex = 0; path = voluntrackerTests.xctest; sourceTree = BUILT_PRODUCTS_DIR; };
		93E866422970628000A0D6E1 /* voluntrackerTests.swift */ = {isa = PBXFileReference; lastKnownFileType = sourcecode.swift; path = voluntrackerTests.swift; sourceTree = "<group>"; };
		93E866482970628000A0D6E1 /* voluntrackerUITests.xctest */ = {isa = PBXFileReference; explicitFileType = wrapper.cfbundle; includeInIndex = 0; path = voluntrackerUITests.xctest; sourceTree = BUILT_PRODUCTS_DIR; };
		93E8664C2970628000A0D6E1 /* voluntrackerUITests.swift */ = {isa = PBXFileReference; lastKnownFileType = sourcecode.swift; path = voluntrackerUITests.swift; sourceTree = "<group>"; };
		93E8664E2970628000A0D6E1 /* voluntrackerUITestsLaunchTests.swift */ = {isa = PBXFileReference; lastKnownFileType = sourcecode.swift; path = voluntrackerUITestsLaunchTests.swift; sourceTree = "<group>"; };
/* End PBXFileReference section */

/* Begin PBXFrameworksBuildPhase section */
		93E866252970627E00A0D6E1 /* Frameworks */ = {
			isa = PBXFrameworksBuildPhase;
			buildActionMask = 2147483647;
			files = (
			);
			runOnlyForDeploymentPostprocessing = 0;
		};
		93E8663B2970628000A0D6E1 /* Frameworks */ = {
			isa = PBXFrameworksBuildPhase;
			buildActionMask = 2147483647;
			files = (
			);
			runOnlyForDeploymentPostprocessing = 0;
		};
		93E866452970628000A0D6E1 /* Frameworks */ = {
			isa = PBXFrameworksBuildPhase;
			buildActionMask = 2147483647;
			files = (
			);
			runOnlyForDeploymentPostprocessing = 0;
		};
/* End PBXFrameworksBuildPhase section */

/* Begin PBXGroup section */
		93E8661F2970627E00A0D6E1 = {
			isa = PBXGroup;
			children = (
				93E8662A2970627E00A0D6E1 /* voluntracker */,
				93E866412970628000A0D6E1 /* voluntrackerTests */,
				93E8664B2970628000A0D6E1 /* voluntrackerUITests */,
				93E866292970627E00A0D6E1 /* Products */,
			);
			sourceTree = "<group>";
		};
		93E866292970627E00A0D6E1 /* Products */ = {
			isa = PBXGroup;
			children = (
				93E866282970627E00A0D6E1 /* voluntracker.app */,
				93E8663E2970628000A0D6E1 /* voluntrackerTests.xctest */,
				93E866482970628000A0D6E1 /* voluntrackerUITests.xctest */,
			);
			name = Products;
			sourceTree = "<group>";
		};
		93E8662A2970627E00A0D6E1 /* voluntracker */ = {
			isa = PBXGroup;
			children = (
				93E8662B2970627E00A0D6E1 /* AppDelegate.swift */,
				93E8662D2970627E00A0D6E1 /* SceneDelegate.swift */,
				93E8662F2970627E00A0D6E1 /* ViewController.swift */,
				93E866312970627E00A0D6E1 /* Main.storyboard */,
				93E866342970628000A0D6E1 /* Assets.xcassets */,
				93E866362970628000A0D6E1 /* LaunchScreen.storyboard */,
				93E866392970628000A0D6E1 /* Info.plist */,
			);
			path = voluntracker;
			sourceTree = "<group>";
		};
		93E866412970628000A0D6E1 /* voluntrackerTests */ = {
			isa = PBXGroup;
			children = (
				93E866422970628000A0D6E1 /* voluntrackerTests.swift */,
			);
			path = voluntrackerTests;
			sourceTree = "<group>";
		};
		93E8664B2970628000A0D6E1 /* voluntrackerUITests */ = {
			isa = PBXGroup;
			children = (
				93E8664C2970628000A0D6E1 /* voluntrackerUITests.swift */,
				93E8664E2970628000A0D6E1 /* voluntrackerUITestsLaunchTests.swift */,
			);
			path = voluntrackerUITests;
			sourceTree = "<group>";
		};
/* End PBXGroup section */

/* Begin PBXNativeTarget section */
		93E866272970627E00A0D6E1 /* voluntracker */ = {
			isa = PBXNativeTarget;
			buildConfigurationList = 93E866522970628000A0D6E1 /* Build configuration list for PBXNativeTarget "voluntracker" */;
			buildPhases = (
				93E866242970627E00A0D6E1 /* Sources */,
				93E866252970627E00A0D6E1 /* Frameworks */,
				93E866262970627E00A0D6E1 /* Resources */,
			);
			buildRules = (
			);
			dependencies = (
			);
			name = voluntracker;
			productName = voluntracker;
			productReference = 93E866282970627E00A0D6E1 /* voluntracker.app */;
			productType = "com.apple.product-type.application";
		};
		93E8663D2970628000A0D6E1 /* voluntrackerTests */ = {
			isa = PBXNativeTarget;
			buildConfigurationList = 93E866552970628000A0D6E1 /* Build configuration list for PBXNativeTarget "voluntrackerTests" */;
			buildPhases = (
				93E8663A2970628000A0D6E1 /* Sources */,
				93E8663B2970628000A0D6E1 /* Frameworks */,
				93E8663C2970628000A0D6E1 /* Resources */,
			);
			buildRules = (
			);
			dependencies = (
				93E866402970628000A0D6E1 /* PBXTargetDependency */,
			);
			name = voluntrackerTests;
			productName = voluntrackerTests;
			productReference = 93E8663E2970628000A0D6E1 /* voluntrackerTests.xctest */;
			productType = "com.apple.product-type.bundle.unit-test";
		};
		93E866472970628000A0D6E1 /* voluntrackerUITests */ = {
			isa = PBXNativeTarget;
			buildConfigurationList = 93E866582970628000A0D6E1 /* Build configuration list for PBXNativeTarget "voluntrackerUITests" */;
			buildPhases = (
				93E866442970628000A0D6E1 /* Sources */,
				93E866452970628000A0D6E1 /* Frameworks */,
				93E866462970628000A0D6E1 /* Resources */,
			);
			buildRules = (
			);
			dependencies = (
				93E8664A2970628000A0D6E1 /* PBXTargetDependency */,
			);
			name = voluntrackerUITests;
			productName = voluntrackerUITests;
			productReference = 93E866482970628000A0D6E1 /* voluntrackerUITests.xctest */;
			productType = "com.apple.product-type.bundle.ui-testing";
		};
/* End PBXNativeTarget section */

/* Begin PBXProject section */
		93E866202970627E00A0D6E1 /* Project object */ = {
			isa = PBXProject;
			attributes = {
				BuildIndependentTargetsInParallel = 1;
				LastSwiftUpdateCheck = 1330;
				LastUpgradeCheck = 1330;
				TargetAttributes = {
					93E866272970627E00A0D6E1 = {
						CreatedOnToolsVersion = 13.3.1;
					};
					93E8663D2970628000A0D6E1 = {
						CreatedOnToolsVersion = 13.3.1;
						TestTargetID = 93E866272970627E00A0D6E1;
					};
					93E866472970628000A0D6E1 = {
						CreatedOnToolsVersion = 13.3.1;
						TestTargetID = 93E866272970627E00A0D6E1;
					};
				};
			};
			buildConfigurationList = 93E866232970627E00A0D6E1 /* Build configuration list for PBXProject "voluntracker" */;
			compatibilityVersion = "Xcode 13.0";
			developmentRegion = en;
			hasScannedForEncodings = 0;
			knownRegions = (
				en,
				Base,
			);
			mainGroup = 93E8661F2970627E00A0D6E1;
			productRefGroup = 93E866292970627E00A0D6E1 /* Products */;
			projectDirPath = "";
			projectRoot = "";
			targets = (
				93E866272970627E00A0D6E1 /* voluntracker */,
				93E8663D2970628000A0D6E1 /* voluntrackerTests */,
				93E866472970628000A0D6E1 /* voluntrackerUITests */,
			);
		};
/* End PBXProject section */

/* Begin PBXResourcesBuildPhase section */
		93E866262970627E00A0D6E1 /* Resources */ = {
			isa = PBXResourcesBuildPhase;
			buildActionMask = 2147483647;
			files = (
				93E866382970628000A0D6E1 /* LaunchScreen.storyboard in Resources */,
				93E866352970628000A0D6E1 /* Assets.xcassets in Resources */,
				93E866332970627E00A0D6E1 /* Main.storyboard in Resources */,
			);
			runOnlyForDeploymentPostprocessing = 0;
		};
		93E8663C2970628000A0D6E1 /* Resources */ = {
			isa = PBXResourcesBuildPhase;
			buildActionMask = 2147483647;
			files = (
			);
			runOnlyForDeploymentPostprocessing = 0;
		};
		93E866462970628000A0D6E1 /* Resources */ = {
			isa = PBXResourcesBuildPhase;
			buildActionMask = 2147483647;
			files = (
			);
			runOnlyForDeploymentPostprocessing = 0;
		};
/* End PBXResourcesBuildPhase section */

/* Begin PBXSourcesBuildPhase section */
		93E866242970627E00A0D6E1 /* Sources */ = {
			isa = PBXSourcesBuildPhase;
			buildActionMask = 2147483647;
			files = (
				93E866302970627E00A0D6E1 /* ViewController.swift in Sources */,
				93E8662C2970627E00A0D6E1 /* AppDelegate.swift in Sources */,
				93E8662E2970627E00A0D6E1 /* SceneDelegate.swift in Sources */,
			);
			runOnlyForDeploymentPostprocessing = 0;
		};
		93E8663A2970628000A0D6E1 /* Sources */ = {
			isa = PBXSourcesBuildPhase;
			buildActionMask = 2147483647;
			files = (
				93E866432970628000A0D6E1 /* voluntrackerTests.swift in Sources */,
			);
			runOnlyForDeploymentPostprocessing = 0;
		};
		93E866442970628000A0D6E1 /* Sources */ = {
			isa = PBXSourcesBuildPhase;
			buildActionMask = 2147483647;
			files = (
				93E8664F2970628000A0D6E1 /* voluntrackerUITestsLaunchTests.swift in Sources */,
				93E8664D2970628000A0D6E1 /* voluntrackerUITests.swift in Sources */,
			);
			runOnlyForDeploymentPostprocessing = 0;
		};
/* End PBXSourcesBuildPhase section */

/* Begin PBXTargetDependency section */
		93E866402970628000A0D6E1 /* PBXTargetDependency */ = {
			isa = PBXTargetDependency;
			target = 93E866272970627E00A0D6E1 /* voluntracker */;
			targetProxy = 93E8663F2970628000A0D6E1 /* PBXContainerItemProxy */;
		};
		93E8664A2970628000A0D6E1 /* PBXTargetDependency */ = {
			isa = PBXTargetDependency;
			target = 93E866272970627E00A0D6E1 /* voluntracker */;
			targetProxy = 93E866492970628000A0D6E1 /* PBXContainerItemProxy */;
		};
/* End PBXTargetDependency section */

/* Begin PBXVariantGroup section */
		93E866312970627E00A0D6E1 /* Main.storyboard */ = {
			isa = PBXVariantGroup;
			children = (
				93E866322970627E00A0D6E1 /* Base */,
			);
			name = Main.storyboard;
			sourceTree = "<group>";
		};
		93E866362970628000A0D6E1 /* LaunchScreen.storyboard */ = {
			isa = PBXVariantGroup;
			children = (
				93E866372970628000A0D6E1 /* Base */,
			);
			name = LaunchScreen.storyboard;
			sourceTree = "<group>";
		};
/* End PBXVariantGroup section */

/* Begin XCBuildConfiguration section */
		93E866502970628000A0D6E1 /* Debug */ = {
			isa = XCBuildConfiguration;
			buildSettings = {
				ALWAYS_SEARCH_USER_PATHS = NO;
				CLANG_ANALYZER_NONNULL = YES;
				CLANG_ANALYZER_NUMBER_OBJECT_CONVERSION = YES_AGGRESSIVE;
				CLANG_CXX_LANGUAGE_STANDARD = "gnu++17";
				CLANG_ENABLE_MODULES = YES;
				CLANG_ENABLE_OBJC_ARC = YES;
				CLANG_ENABLE_OBJC_WEAK = YES;
				CLANG_WARN_BLOCK_CAPTURE_AUTORELEASING = YES;
				CLANG_WARN_BOOL_CONVERSION = YES;
				CLANG_WARN_COMMA = YES;
				CLANG_WARN_CONSTANT_CONVERSION = YES;
				CLANG_WARN_DEPRECATED_OBJC_IMPLEMENTATIONS = YES;
				CLANG_WARN_DIRECT_OBJC_ISA_USAGE = YES_ERROR;
				CLANG_WARN_DOCUMENTATION_COMMENTS = YES;
				CLANG_WARN_EMPTY_BODY = YES;
				CLANG_WARN_ENUM_CONVERSION = YES;
				CLANG_WARN_INFINITE_RECURSION = YES;
				CLANG_WARN_INT_CONVERSION = YES;
				CLANG_WARN_NON_LITERAL_NULL_CONVERSION = YES;
				CLANG_WARN_OBJC_IMPLICIT_RETAIN_SELF = YES;
				CLANG_WARN_OBJC_LITERAL_CONVERSION = YES;
				CLANG_WARN_OBJC_ROOT_CLASS = YES_ERROR;
				CLANG_WARN_QUOTED_INCLUDE_IN_FRAMEWORK_HEADER = YES;
				CLANG_WARN_RANGE_LOOP_ANALYSIS = YES;
				CLANG_WARN_STRICT_PROTOTYPES = YES;
				CLANG_WARN_SUSPICIOUS_MOVE = YES;
				CLANG_WARN_UNGUARDED_AVAILABILITY = YES_AGGRESSIVE;
				CLANG_WARN_UNREACHABLE_CODE = YES;
				CLANG_WARN__DUPLICATE_METHOD_MATCH = YES;
				COPY_PHASE_STRIP = NO;
				DEBUG_INFORMATION_FORMAT = dwarf;
				ENABLE_STRICT_OBJC_MSGSEND = YES;
				ENABLE_TESTABILITY = YES;
				GCC_C_LANGUAGE_STANDARD = gnu11;
				GCC_DYNAMIC_NO_PIC = NO;
				GCC_NO_COMMON_BLOCKS = YES;
				GCC_OPTIMIZATION_LEVEL = 0;
				GCC_PREPROCESSOR_DEFINITIONS = (
					"DEBUG=1",
					"$(inherited)",
				);
				GCC_WARN_64_TO_32_BIT_CONVERSION = YES;
				GCC_WARN_ABOUT_RETURN_TYPE = YES_ERROR;
				GCC_WARN_UNDECLARED_SELECTOR = YES;
				GCC_WARN_UNINITIALIZED_AUTOS = YES_AGGRESSIVE;
				GCC_WARN_UNUSED_FUNCTION = YES;
				GCC_WARN_UNUSED_VARIABLE = YES;
				IPHONEOS_DEPLOYMENT_TARGET = 15.4;
				MTL_ENABLE_DEBUG_INFO = INCLUDE_SOURCE;
				MTL_FAST_MATH = YES;
				ONLY_ACTIVE_ARCH = YES;
				SDKROOT = iphoneos;
				SWIFT_ACTIVE_COMPILATION_CONDITIONS = DEBUG;
				SWIFT_OPTIMIZATION_LEVEL = "-Onone";
			};
			name = Debug;
		};
		93E866512970628000A0D6E1 /* Release */ = {
			isa = XCBuildConfiguration;
			buildSettings = {
				ALWAYS_SEARCH_USER_PATHS = NO;
				CLANG_ANALYZER_NONNULL = YES;
				CLANG_ANALYZER_NUMBER_OBJECT_CONVERSION = YES_AGGRESSIVE;
				CLANG_CXX_LANGUAGE_STANDARD = "gnu++17";
				CLANG_ENABLE_MODULES = YES;
				CLANG_ENABLE_OBJC_ARC = YES;
				CLANG_ENABLE_OBJC_WEAK = YES;
				CLANG_WARN_BLOCK_CAPTURE_AUTORELEASING = YES;
				CLANG_WARN_BOOL_CONVERSION = YES;
				CLANG_WARN_COMMA = YES;
				CLANG_WARN_CONSTANT_CONVERSION = YES;
				CLANG_WARN_DEPRECATED_OBJC_IMPLEMENTATIONS = YES;
				CLANG_WARN_DIRECT_OBJC_ISA_USAGE = YES_ERROR;
				CLANG_WARN_DOCUMENTATION_COMMENTS = YES;
				CLANG_WARN_EMPTY_BODY = YES;
				CLANG_WARN_ENUM_CONVERSION = YES;
				CLANG_WARN_INFINITE_RECURSION = YES;
				CLANG_WARN_INT_CONVERSION = YES;
				CLANG_WARN_NON_LITERAL_NULL_CONVERSION = YES;
				CLANG_WARN_OBJC_IMPLICIT_RETAIN_SELF = YES;
				CLANG_WARN_OBJC_LITERAL_CONVERSION = YES;
				CLANG_WARN_OBJC_ROOT_CLASS = YES_ERROR;
				CLANG_WARN_QUOTED_INCLUDE_IN_FRAMEWORK_HEADER = YES;
				CLANG_WARN_RANGE_LOOP_ANALYSIS = YES;
				CLANG_WARN_STRICT_PROTOTYPES = YES;
				CLANG_WARN_SUSPICIOUS_MOVE = YES;
				CLANG_WARN_UNGUARDED_AVAILABILITY = YES_AGGRESSIVE;
				CLANG_WARN_UNREACHABLE_CODE = YES;
				CLANG_WARN__DUPLICATE_METHOD_MATCH = YES;
				COPY_PHASE_STRIP = NO;
				DEBUG_INFORMATION_FORMAT = "dwarf-with-dsym";
				ENABLE_NS_ASSERTIONS = NO;
				ENABLE_STRICT_OBJC_MSGSEND = YES;
				GCC_C_LANGUAGE_STANDARD = gnu11;
				GCC_NO_COMMON_BLOCKS = YES;
				GCC_WARN_64_TO_32_BIT_CONVERSION = YES;
				GCC_WARN_ABOUT_RETURN_TYPE = YES_ERROR;
				GCC_WARN_UNDECLARED_SELECTOR = YES;
				GCC_WARN_UNINITIALIZED_AUTOS = YES_AGGRESSIVE;
				GCC_WARN_UNUSED_FUNCTION = YES;
				GCC_WARN_UNUSED_VARIABLE = YES;
				IPHONEOS_DEPLOYMENT_TARGET = 15.4;
				MTL_ENABLE_DEBUG_INFO = NO;
				MTL_FAST_MATH = YES;
				SDKROOT = iphoneos;
				SWIFT_COMPILATION_MODE = wholemodule;
				SWIFT_OPTIMIZATION_LEVEL = "-O";
				VALIDATE_PRODUCT = YES;
			};
			name = Release;
		};
		93E866532970628000A0D6E1 /* Debug */ = {
			isa = XCBuildConfiguration;
			buildSettings = {
				ASSETCATALOG_COMPILER_APPICON_NAME = AppIcon;
				ASSETCATALOG_COMPILER_GLOBAL_ACCENT_COLOR_NAME = AccentColor;
				CODE_SIGN_STYLE = Automatic;
				CURRENT_PROJECT_VERSION = 1;
				GENERATE_INFOPLIST_FILE = YES;
				INFOPLIST_FILE = voluntracker/Info.plist;
				INFOPLIST_KEY_UIApplicationSupportsIndirectInputEvents = YES;
				INFOPLIST_KEY_UILaunchStoryboardName = LaunchScreen;
				INFOPLIST_KEY_UIMainStoryboardFile = Main;
				INFOPLIST_KEY_UISupportedInterfaceOrientations_iPad = "UIInterfaceOrientationPortrait UIInterfaceOrientationPortraitUpsideDown UIInterfaceOrientationLandscapeLeft UIInterfaceOrientationLandscapeRight";
				INFOPLIST_KEY_UISupportedInterfaceOrientations_iPhone = "UIInterfaceOrientationPortrait UIInterfaceOrientationLandscapeLeft UIInterfaceOrientationLandscapeRight";
				LD_RUNPATH_SEARCH_PATHS = (
					"$(inherited)",
					"@executable_path/Frameworks",
				);
				MARKETING_VERSION = 1.0;
				PRODUCT_BUNDLE_IDENTIFIER = x.voluntracker;
				PRODUCT_NAME = "$(TARGET_NAME)";
				SWIFT_EMIT_LOC_STRINGS = YES;
				SWIFT_VERSION = 5.0;
				TARGETED_DEVICE_FAMILY = "1,2";
			};
			name = Debug;
		};
		93E866542970628000A0D6E1 /* Release */ = {
			isa = XCBuildConfiguration;
			buildSettings = {
				ASSETCATALOG_COMPILER_APPICON_NAME = AppIcon;
				ASSETCATALOG_COMPILER_GLOBAL_ACCENT_COLOR_NAME = AccentColor;
				CODE_SIGN_STYLE = Automatic;
				CURRENT_PROJECT_VERSION = 1;
				GENERATE_INFOPLIST_FILE = YES;
				INFOPLIST_FILE = voluntracker/Info.plist;
				INFOPLIST_KEY_UIApplicationSupportsIndirectInputEvents = YES;
				INFOPLIST_KEY_UILaunchStoryboardName = LaunchScreen;
				INFOPLIST_KEY_UIMainStoryboardFile = Main;
				INFOPLIST_KEY_UISupportedInterfaceOrientations_iPad = "UIInterfaceOrientationPortrait UIInterfaceOrientationPortraitUpsideDown UIInterfaceOrientationLandscapeLeft UIInterfaceOrientationLandscapeRight";
				INFOPLIST_KEY_UISupportedInterfaceOrientations_iPhone = "UIInterfaceOrientationPortrait UIInterfaceOrientationLandscapeLeft UIInterfaceOrientationLandscapeRight";
				LD_RUNPATH_SEARCH_PATHS = (
					"$(inherited)",
					"@executable_path/Frameworks",
				);
				MARKETING_VERSION = 1.0;
				PRODUCT_BUNDLE_IDENTIFIER = x.voluntracker;
				PRODUCT_NAME = "$(TARGET_NAME)";
				SWIFT_EMIT_LOC_STRINGS = YES;
				SWIFT_VERSION = 5.0;
				TARGETED_DEVICE_FAMILY = "1,2";
			};
			name = Release;
		};
		93E866562970628000A0D6E1 /* Debug */ = {
			isa = XCBuildConfiguration;
			buildSettings = {
				ALWAYS_EMBED_SWIFT_STANDARD_LIBRARIES = YES;
				BUNDLE_LOADER = "$(TEST_HOST)";
				CODE_SIGN_STYLE = Automatic;
				CURRENT_PROJECT_VERSION = 1;
				GENERATE_INFOPLIST_FILE = YES;
				IPHONEOS_DEPLOYMENT_TARGET = 15.4;
				MARKETING_VERSION = 1.0;
				PRODUCT_BUNDLE_IDENTIFIER = x.voluntrackerTests;
				PRODUCT_NAME = "$(TARGET_NAME)";
				SWIFT_EMIT_LOC_STRINGS = NO;
				SWIFT_VERSION = 5.0;
				TARGETED_DEVICE_FAMILY = "1,2";
				TEST_HOST = "$(BUILT_PRODUCTS_DIR)/voluntracker.app/voluntracker";
			};
			name = Debug;
		};
		93E866572970628000A0D6E1 /* Release */ = {
			isa = XCBuildConfiguration;
			buildSettings = {
				ALWAYS_EMBED_SWIFT_STANDARD_LIBRARIES = YES;
				BUNDLE_LOADER = "$(TEST_HOST)";
				CODE_SIGN_STYLE = Automatic;
				CURRENT_PROJECT_VERSION = 1;
				GENERATE_INFOPLIST_FILE = YES;
				IPHONEOS_DEPLOYMENT_TARGET = 15.4;
				MARKETING_VERSION = 1.0;
				PRODUCT_BUNDLE_IDENTIFIER = x.voluntrackerTests;
				PRODUCT_NAME = "$(TARGET_NAME)";
				SWIFT_EMIT_LOC_STRINGS = NO;
				SWIFT_VERSION = 5.0;
				TARGETED_DEVICE_FAMILY = "1,2";
				TEST_HOST = "$(BUILT_PRODUCTS_DIR)/voluntracker.app/voluntracker";
			};
			name = Release;
		};
		93E866592970628000A0D6E1 /* Debug */ = {
			isa = XCBuildConfiguration;
			buildSettings = {
				ALWAYS_EMBED_SWIFT_STANDARD_LIBRARIES = YES;
				CODE_SIGN_STYLE = Automatic;
				CURRENT_PROJECT_VERSION = 1;
				GENERATE_INFOPLIST_FILE = YES;
				MARKETING_VERSION = 1.0;
				PRODUCT_BUNDLE_IDENTIFIER = x.voluntrackerUITests;
				PRODUCT_NAME = "$(TARGET_NAME)";
				SWIFT_EMIT_LOC_STRINGS = NO;
				SWIFT_VERSION = 5.0;
				TARGETED_DEVICE_FAMILY = "1,2";
				TEST_TARGET_NAME = voluntracker;
			};
			name = Debug;
		};
		93E8665A2970628000A0D6E1 /* Release */ = {
			isa = XCBuildConfiguration;
			buildSettings = {
				ALWAYS_EMBED_SWIFT_STANDARD_LIBRARIES = YES;
				CODE_SIGN_STYLE = Automatic;
				CURRENT_PROJECT_VERSION = 1;
				GENERATE_INFOPLIST_FILE = YES;
				MARKETING_VERSION = 1.0;
				PRODUCT_BUNDLE_IDENTIFIER = x.voluntrackerUITests;
				PRODUCT_NAME = "$(TARGET_NAME)";
				SWIFT_EMIT_LOC_STRINGS = NO;
				SWIFT_VERSION = 5.0;
				TARGETED_DEVICE_FAMILY = "1,2";
				TEST_TARGET_NAME = voluntracker;
			};
			name = Release;
		};
/* End XCBuildConfiguration section */

/* Begin XCConfigurationList section */
		93E866232970627E00A0D6E1 /* Build configuration list for PBXProject "voluntracker" */ = {
			isa = XCConfigurationList;
			buildConfigurations = (
				93E866502970628000A0D6E1 /* Debug */,
				93E866512970628000A0D6E1 /* Release */,
			);
			defaultConfigurationIsVisible = 0;
			defaultConfigurationName = Release;
		};
		93E866522970628000A0D6E1 /* Build configuration list for PBXNativeTarget "voluntracker" */ = {
			isa = XCConfigurationList;
			buildConfigurations = (
				93E866532970628000A0D6E1 /* Debug */,
				93E866542970628000A0D6E1 /* Release */,
			);
			defaultConfigurationIsVisible = 0;
			defaultConfigurationName = Release;
		};
		93E866552970628000A0D6E1 /* Build configuration list for PBXNativeTarget "voluntrackerTests" */ = {
			isa = XCConfigurationList;
			buildConfigurations = (
				93E866562970628000A0D6E1 /* Debug */,
				93E866572970628000A0D6E1 /* Release */,
			);
			defaultConfigurationIsVisible = 0;
			defaultConfigurationName = Release;
		};
		93E866582970628000A0D6E1 /* Build configuration list for PBXNativeTarget "voluntrackerUITests" */ = {
			isa = XCConfigurationList;
			buildConfigurations = (
				93E866592970628000A0D6E1 /* Debug */,
				93E8665A2970628000A0D6E1 /* Release */,
			);
			defaultConfigurationIsVisible = 0;
			defaultConfigurationName = Release;
		};
/* End XCConfigurationList section */
	};
	rootObject = 93E866202970627E00A0D6E1 /* Project object */;
}
